
Microsoft Visual Studio Solution File, Format Version 12.00
# Visual Studio Version 17
VisualStudioVersion = 17.12.35527.113 d17.12
MinimumVisualStudioVersion = 10.0.40219.1
Project("{FAE04EC0-301F-11D3-BF4B-00C04F79EFBC}") = "KelseyHomeDesigns", "KelseyHomeDesigns.csproj", "{DA3301FD-6454-45DF-96E3-BD57E1B8C274}"
EndProject
Project("{FAE04EC0-301F-11D3-BF4B-00C04F79EFBC}") = "KelseyHomeDesigns.Tests", "..\KelseyHomeDesigns.Tests\KelseyHomeDesigns.Tests.csproj", "{AD3BB1FB-47E7-4C32-A967-E76549ACF1CE}"
EndProject
Global
	GlobalSection(SolutionConfigurationPlatforms) = preSolution
		Debug|Any CPU = Debug|Any CPU
		Release|Any CPU = Release|Any CPU
	EndGlobalSection
	GlobalSection(ProjectConfigurationPlatforms) = postSolution
		{DA3301FD-6454-45DF-96E3-BD57E1B8C274}.Debug|Any CPU.ActiveCfg = Debug|Any CPU
		{DA3301FD-6454-45DF-96E3-BD57E1B8C274}.Debug|Any CPU.Build.0 = Debug|Any CPU
		{DA3301FD-6454-45DF-96E3-BD57E1B8C274}.Release|Any CPU.ActiveCfg = Release|Any CPU
		{DA3301FD-6454-45DF-96E3-BD57E1B8C274}.Release|Any CPU.Build.0 = Release|Any CPU
		{AD3BB1FB-47E7-4C32-A967-E76549ACF1CE}.Debug|Any CPU.ActiveCfg = Debug|Any CPU
		{AD3BB1FB-47E7-4C32-A967-E76549ACF1CE}.Debug|Any CPU.Build.0 = Debug|Any CPU
		{AD3BB1FB-47E7-4C32-A967-E76549ACF1CE}.Release|Any CPU.ActiveCfg = Release|Any CPU
		{AD3BB1FB-47E7-4C32-A967-E76549ACF1CE}.Release|Any CPU.Build.0 = Release|Any CPU
	EndGlobalSection
	GlobalSection(SolutionProperties) = preSolution
		HideSolutionNode = FALSE
	EndGlobalSection
EndGlobal
